// !$*UTF8*$!
{
	archiveVersion = 1;
	classes = {
	};
	objectVersion = 46;
	objects = {

/* Begin PBXBuildFile section */
		CDF04A3D18C3E12500C37D0D /* Foundation.framework in Frameworks */ = {isa = PBXBuildFile; fileRef = CDF04A3C18C3E12500C37D0D /* Foundation.framework */; };
		CDF04A3F18C3E12500C37D0D /* CoreGraphics.framework in Frameworks */ = {isa = PBXBuildFile; fileRef = CDF04A3E18C3E12500C37D0D /* CoreGraphics.framework */; };
		CDF04A4118C3E12500C37D0D /* UIKit.framework in Frameworks */ = {isa = PBXBuildFile; fileRef = CDF04A4018C3E12500C37D0D /* UIKit.framework */; };
		CDF04A4718C3E12500C37D0D /* InfoPlist.strings in Resources */ = {isa = PBXBuildFile; fileRef = CDF04A4518C3E12500C37D0D /* InfoPlist.strings */; };
		CDF04A4918C3E12500C37D0D /* main.m in Sources */ = {isa = PBXBuildFile; fileRef = CDF04A4818C3E12500C37D0D /* main.m */; };
		CDF04A4D18C3E12500C37D0D /* AppDelegate.m in Sources */ = {isa = PBXBuildFile; fileRef = CDF04A4C18C3E12500C37D0D /* AppDelegate.m */; };
		CDF04A5018C3E12500C37D0D /* Main_iPhone.storyboard in Resources */ = {isa = PBXBuildFile; fileRef = CDF04A4E18C3E12500C37D0D /* Main_iPhone.storyboard */; };
		CDF04A5318C3E12500C37D0D /* Main_iPad.storyboard in Resources */ = {isa = PBXBuildFile; fileRef = CDF04A5118C3E12500C37D0D /* Main_iPad.storyboard */; };
		CDF04A5618C3E12500C37D0D /* FirstViewController.m in Sources */ = {isa = PBXBuildFile; fileRef = CDF04A5518C3E12500C37D0D /* FirstViewController.m */; };
		CDF04A5918C3E12500C37D0D /* SecondViewController.m in Sources */ = {isa = PBXBuildFile; fileRef = CDF04A5818C3E12500C37D0D /* SecondViewController.m */; };
		CDF04A5B18C3E12500C37D0D /* Images.xcassets in Resources */ = {isa = PBXBuildFile; fileRef = CDF04A5A18C3E12500C37D0D /* Images.xcassets */; };
		CDF04A6218C3E12500C37D0D /* XCTest.framework in Frameworks */ = {isa = PBXBuildFile; fileRef = CDF04A6118C3E12500C37D0D /* XCTest.framework */; };
		CDF04A6318C3E12500C37D0D /* Foundation.framework in Frameworks */ = {isa = PBXBuildFile; fileRef = CDF04A3C18C3E12500C37D0D /* Foundation.framework */; };
		CDF04A6418C3E12500C37D0D /* UIKit.framework in Frameworks */ = {isa = PBXBuildFile; fileRef = CDF04A4018C3E12500C37D0D /* UIKit.framework */; };
		CDF04A6C18C3E12500C37D0D /* InfoPlist.strings in Resources */ = {isa = PBXBuildFile; fileRef = CDF04A6A18C3E12500C37D0D /* InfoPlist.strings */; };
		CDF04A6E18C3E12500C37D0D /* iTesterTests.m in Sources */ = {isa = PBXBuildFile; fileRef = CDF04A6D18C3E12500C37D0D /* iTesterTests.m */; };
/* End PBXBuildFile section */

/* Begin PBXContainerItemProxy section */
		CDF04A6518C3E12500C37D0D /* PBXContainerItemProxy */ = {
			isa = PBXContainerItemProxy;
			containerPortal = CDF04A3118C3E12500C37D0D /* Project object */;
			proxyType = 1;
			remoteGlobalIDString = CDF04A3818C3E12500C37D0D;
			remoteInfo = iTester;
		};
/* End PBXContainerItemProxy section */

/* Begin PBXFileReference section */
		CDF04A3918C3E12500C37D0D /* iTester.app */ = {isa = PBXFileReference; explicitFileType = wrapper.application; includeInIndex = 0; path = iTester.app; sourceTree = BUILT_PRODUCTS_DIR; };
		CDF04A3C18C3E12500C37D0D /* Foundation.framework */ = {isa = PBXFileReference; lastKnownFileType = wrapper.framework; name = Foundation.framework; path = System/Library/Frameworks/Foundation.framework; sourceTree = SDKROOT; };
		CDF04A3E18C3E12500C37D0D /* CoreGraphics.framework */ = {isa = PBXFileReference; lastKnownFileType = wrapper.framework; name = CoreGraphics.framework; path = System/Library/Frameworks/CoreGraphics.framework; sourceTree = SDKROOT; };
		CDF04A4018C3E12500C37D0D /* UIKit.framework */ = {isa = PBXFileReference; lastKnownFileType = wrapper.framework; name = UIKit.framework; path = System/Library/Frameworks/UIKit.framework; sourceTree = SDKROOT; };
		CDF04A4418C3E12500C37D0D /* iTester-Info.plist */ = {isa = PBXFileReference; lastKnownFileType = text.plist.xml; path = "iTester-Info.plist"; sourceTree = "<group>"; };
		CDF04A4618C3E12500C37D0D /* en */ = {isa = PBXFileReference; lastKnownFileType = text.plist.strings; name = en; path = en.lproj/InfoPlist.strings; sourceTree = "<group>"; };
		CDF04A4818C3E12500C37D0D /* main.m */ = {isa = PBXFileReference; lastKnownFileType = sourcecode.c.objc; path = main.m; sourceTree = "<group>"; };
		CDF04A4A18C3E12500C37D0D /* iTester-Prefix.pch */ = {isa = PBXFileReference; lastKnownFileType = sourcecode.c.h; path = "iTester-Prefix.pch"; sourceTree = "<group>"; };
		CDF04A4B18C3E12500C37D0D /* AppDelegate.h */ = {isa = PBXFileReference; lastKnownFileType = sourcecode.c.h; path = AppDelegate.h; sourceTree = "<group>"; };
		CDF04A4C18C3E12500C37D0D /* AppDelegate.m */ = {isa = PBXFileReference; lastKnownFileType = sourcecode.c.objc; path = AppDelegate.m; sourceTree = "<group>"; };
		CDF04A4F18C3E12500C37D0D /* Base */ = {isa = PBXFileReference; lastKnownFileType = file.storyboard; name = Base; path = Base.lproj/Main_iPhone.storyboard; sourceTree = "<group>"; };
		CDF04A5218C3E12500C37D0D /* Base */ = {isa = PBXFileReference; lastKnownFileType = file.storyboard; name = Base; path = Base.lproj/Main_iPad.storyboard; sourceTree = "<group>"; };
		CDF04A5418C3E12500C37D0D /* FirstViewController.h */ = {isa = PBXFileReference; lastKnownFileType = sourcecode.c.h; path = FirstViewController.h; sourceTree = "<group>"; };
		CDF04A5518C3E12500C37D0D /* FirstViewController.m */ = {isa = PBXFileReference; lastKnownFileType = sourcecode.c.objc; path = FirstViewController.m; sourceTree = "<group>"; };
		CDF04A5718C3E12500C37D0D /* SecondViewController.h */ = {isa = PBXFileReference; lastKnownFileType = sourcecode.c.h; path = SecondViewController.h; sourceTree = "<group>"; };
		CDF04A5818C3E12500C37D0D /* SecondViewController.m */ = {isa = PBXFileReference; lastKnownFileType = sourcecode.c.objc; path = SecondViewController.m; sourceTree = "<group>"; };
		CDF04A5A18C3E12500C37D0D /* Images.xcassets */ = {isa = PBXFileReference; lastKnownFileType = folder.assetcatalog; path = Images.xcassets; sourceTree = "<group>"; };
		CDF04A6018C3E12500C37D0D /* iTesterTests.xctest */ = {isa = PBXFileReference; explicitFileType = wrapper.cfbundle; includeInIndex = 0; path = iTesterTests.xctest; sourceTree = BUILT_PRODUCTS_DIR; };
		CDF04A6118C3E12500C37D0D /* XCTest.framework */ = {isa = PBXFileReference; lastKnownFileType = wrapper.framework; name = XCTest.framework; path = Library/Frameworks/XCTest.framework; sourceTree = DEVELOPER_DIR; };
		CDF04A6918C3E12500C37D0D /* iTesterTests-Info.plist */ = {isa = PBXFileReference; lastKnownFileType = text.plist.xml; path = "iTesterTests-Info.plist"; sourceTree = "<group>"; };
		CDF04A6B18C3E12500C37D0D /* en */ = {isa = PBXFileReference; lastKnownFileType = text.plist.strings; name = en; path = en.lproj/InfoPlist.strings; sourceTree = "<group>"; };
		CDF04A6D18C3E12500C37D0D /* iTesterTests.m */ = {isa = PBXFileReference; lastKnownFileType = sourcecode.c.objc; path = iTesterTests.m; sourceTree = "<group>"; };
/* End PBXFileReference section */

/* Begin PBXFrameworksBuildPhase section */
		CDF04A3618C3E12500C37D0D /* Frameworks */ = {
			isa = PBXFrameworksBuildPhase;
			buildActionMask = 2147483647;
			files = (
				CDF04A3F18C3E12500C37D0D /* CoreGraphics.framework in Frameworks */,
				CDF04A4118C3E12500C37D0D /* UIKit.framework in Frameworks */,
				CDF04A3D18C3E12500C37D0D /* Foundation.framework in Frameworks */,
			);
			runOnlyForDeploymentPostprocessing = 0;
		};
		CDF04A5D18C3E12500C37D0D /* Frameworks */ = {
			isa = PBXFrameworksBuildPhase;
			buildActionMask = 2147483647;
			files = (
				CDF04A6218C3E12500C37D0D /* XCTest.framework in Frameworks */,
				CDF04A6418C3E12500C37D0D /* UIKit.framework in Frameworks */,
				CDF04A6318C3E12500C37D0D /* Foundation.framework in Frameworks */,
			);
			runOnlyForDeploymentPostprocessing = 0;
		};
/* End PBXFrameworksBuildPhase section */

/* Begin PBXGroup section */
		CDF04A3018C3E12500C37D0D = {
			isa = PBXGroup;
			children = (
				CDF04A4218C3E12500C37D0D /* iTester */,
				CDF04A6718C3E12500C37D0D /* iTesterTests */,
				CDF04A3B18C3E12500C37D0D /* Frameworks */,
				CDF04A3A18C3E12500C37D0D /* Products */,
			);
			sourceTree = "<group>";
		};
		CDF04A3A18C3E12500C37D0D /* Products */ = {
			isa = PBXGroup;
			children = (
				CDF04A3918C3E12500C37D0D /* iTester.app */,
				CDF04A6018C3E12500C37D0D /* iTesterTests.xctest */,
			);
			name = Products;
			sourceTree = "<group>";
		};
		CDF04A3B18C3E12500C37D0D /* Frameworks */ = {
			isa = PBXGroup;
			children = (
				CDF04A3C18C3E12500C37D0D /* Foundation.framework */,
				CDF04A3E18C3E12500C37D0D /* CoreGraphics.framework */,
				CDF04A4018C3E12500C37D0D /* UIKit.framework */,
				CDF04A6118C3E12500C37D0D /* XCTest.framework */,
			);
			name = Frameworks;
			sourceTree = "<group>";
		};
		CDF04A4218C3E12500C37D0D /* iTester */ = {
			isa = PBXGroup;
			children = (
				CDF04A4B18C3E12500C37D0D /* AppDelegate.h */,
				CDF04A4C18C3E12500C37D0D /* AppDelegate.m */,
				CDF04A4E18C3E12500C37D0D /* Main_iPhone.storyboard */,
				CDF04A5118C3E12500C37D0D /* Main_iPad.storyboard */,
				CDF04A5418C3E12500C37D0D /* FirstViewController.h */,
				CDF04A5518C3E12500C37D0D /* FirstViewController.m */,
				CDF04A5718C3E12500C37D0D /* SecondViewController.h */,
				CDF04A5818C3E12500C37D0D /* SecondViewController.m */,
				CDF04A5A18C3E12500C37D0D /* Images.xcassets */,
				CDF04A4318C3E12500C37D0D /* Supporting Files */,
			);
			path = iTester;
			sourceTree = "<group>";
		};
		CDF04A4318C3E12500C37D0D /* Supporting Files */ = {
			isa = PBXGroup;
			children = (
				CDF04A4418C3E12500C37D0D /* iTester-Info.plist */,
				CDF04A4518C3E12500C37D0D /* InfoPlist.strings */,
				CDF04A4818C3E12500C37D0D /* main.m */,
				CDF04A4A18C3E12500C37D0D /* iTester-Prefix.pch */,
			);
			name = "Supporting Files";
			sourceTree = "<group>";
		};
		CDF04A6718C3E12500C37D0D /* iTesterTests */ = {
			isa = PBXGroup;
			children = (
				CDF04A6D18C3E12500C37D0D /* iTesterTests.m */,
				CDF04A6818C3E12500C37D0D /* Supporting Files */,
			);
			path = iTesterTests;
			sourceTree = "<group>";
		};
		CDF04A6818C3E12500C37D0D /* Supporting Files */ = {
			isa = PBXGroup;
			children = (
				CDF04A6918C3E12500C37D0D /* iTesterTests-Info.plist */,
				CDF04A6A18C3E12500C37D0D /* InfoPlist.strings */,
			);
			name = "Supporting Files";
			sourceTree = "<group>";
		};
/* End PBXGroup section */

/* Begin PBXNativeTarget section */
		CDF04A3818C3E12500C37D0D /* iTester */ = {
			isa = PBXNativeTarget;
			buildConfigurationList = CDF04A7118C3E12500C37D0D /* Build configuration list for PBXNativeTarget "iTester" */;
			buildPhases = (
				CDF04A3518C3E12500C37D0D /* Sources */,
				CDF04A3618C3E12500C37D0D /* Frameworks */,
				CDF04A3718C3E12500C37D0D /* Resources */,
			);
			buildRules = (
			);
			dependencies = (
			);
			name = iTester;
			productName = iTester;
			productReference = CDF04A3918C3E12500C37D0D /* iTester.app */;
			productType = "com.apple.product-type.application";
		};
		CDF04A5F18C3E12500C37D0D /* iTesterTests */ = {
			isa = PBXNativeTarget;
			buildConfigurationList = CDF04A7418C3E12500C37D0D /* Build configuration list for PBXNativeTarget "iTesterTests" */;
			buildPhases = (
				CDF04A5C18C3E12500C37D0D /* Sources */,
				CDF04A5D18C3E12500C37D0D /* Frameworks */,
				CDF04A5E18C3E12500C37D0D /* Resources */,
			);
			buildRules = (
			);
			dependencies = (
				CDF04A6618C3E12500C37D0D /* PBXTargetDependency */,
			);
			name = iTesterTests;
			productName = iTesterTests;
			productReference = CDF04A6018C3E12500C37D0D /* iTesterTests.xctest */;
			productType = "com.apple.product-type.bundle.unit-test";
		};
/* End PBXNativeTarget section */

/* Begin PBXProject section */
		CDF04A3118C3E12500C37D0D /* Project object */ = {
			isa = PBXProject;
			attributes = {
				LastUpgradeCheck = 0500;
				ORGANIZATIONNAME = "Adam Axelrod";
				TargetAttributes = {
					CDF04A5F18C3E12500C37D0D = {
						TestTargetID = CDF04A3818C3E12500C37D0D;
					};
				};
			};
			buildConfigurationList = CDF04A3418C3E12500C37D0D /* Build configuration list for PBXProject "iTester" */;
			compatibilityVersion = "Xcode 3.2";
			developmentRegion = English;
			hasScannedForEncodings = 0;
			knownRegions = (
				en,
				Base,
			);
			mainGroup = CDF04A3018C3E12500C37D0D;
			productRefGroup = CDF04A3A18C3E12500C37D0D /* Products */;
			projectDirPath = "";
			projectRoot = "";
			targets = (
				CDF04A3818C3E12500C37D0D /* iTester */,
				CDF04A5F18C3E12500C37D0D /* iTesterTests */,
			);
		};
/* End PBXProject section */

/* Begin PBXResourcesBuildPhase section */
		CDF04A3718C3E12500C37D0D /* Resources */ = {
			isa = PBXResourcesBuildPhase;
			buildActionMask = 2147483647;
			files = (
				CDF04A5318C3E12500C37D0D /* Main_iPad.storyboard in Resources */,
				CDF04A5B18C3E12500C37D0D /* Images.xcassets in Resources */,
				CDF04A5018C3E12500C37D0D /* Main_iPhone.storyboard in Resources */,
				CDF04A4718C3E12500C37D0D /* InfoPlist.strings in Resources */,
			);
			runOnlyForDeploymentPostprocessing = 0;
		};
		CDF04A5E18C3E12500C37D0D /* Resources */ = {
			isa = PBXResourcesBuildPhase;
			buildActionMask = 2147483647;
			files = (
				CDF04A6C18C3E12500C37D0D /* InfoPlist.strings in Resources */,
			);
			runOnlyForDeploymentPostprocessing = 0;
		};
/* End PBXResourcesBuildPhase section */

/* Begin PBXSourcesBuildPhase section */
		CDF04A3518C3E12500C37D0D /* Sources */ = {
			isa = PBXSourcesBuildPhase;
			buildActionMask = 2147483647;
			files = (
				CDF04A5918C3E12500C37D0D /* SecondViewController.m in Sources */,
				CDF04A4D18C3E12500C37D0D /* AppDelegate.m in Sources */,
				CDF04A5618C3E12500C37D0D /* FirstViewController.m in Sources */,
				CDF04A4918C3E12500C37D0D /* main.m in Sources */,
			);
			runOnlyForDeploymentPostprocessing = 0;
		};
		CDF04A5C18C3E12500C37D0D /* Sources */ = {
			isa = PBXSourcesBuildPhase;
			buildActionMask = 2147483647;
			files = (
				CDF04A6E18C3E12500C37D0D /* iTesterTests.m in Sources */,
			);
			runOnlyForDeploymentPostprocessing = 0;
		};
/* End PBXSourcesBuildPhase section */

/* Begin PBXTargetDependency section */
		CDF04A6618C3E12500C37D0D /* PBXTargetDependency */ = {
			isa = PBXTargetDependency;
			target = CDF04A3818C3E12500C37D0D /* iTester */;
			targetProxy = CDF04A6518C3E12500C37D0D /* PBXContainerItemProxy */;
		};
/* End PBXTargetDependency section */

/* Begin PBXVariantGroup section */
		CDF04A4518C3E12500C37D0D /* InfoPlist.strings */ = {
			isa = PBXVariantGroup;
			children = (
				CDF04A4618C3E12500C37D0D /* en */,
			);
			name = InfoPlist.strings;
			sourceTree = "<group>";
		};
		CDF04A4E18C3E12500C37D0D /* Main_iPhone.storyboard */ = {
			isa = PBXVariantGroup;
			children = (
				CDF04A4F18C3E12500C37D0D /* Base */,
			);
			name = Main_iPhone.storyboard;
			sourceTree = "<group>";
		};
		CDF04A5118C3E12500C37D0D /* Main_iPad.storyboard */ = {
			isa = PBXVariantGroup;
			children = (
				CDF04A5218C3E12500C37D0D /* Base */,
			);
			name = Main_iPad.storyboard;
			sourceTree = "<group>";
		};
		CDF04A6A18C3E12500C37D0D /* InfoPlist.strings */ = {
			isa = PBXVariantGroup;
			children = (
				CDF04A6B18C3E12500C37D0D /* en */,
			);
			name = InfoPlist.strings;
			sourceTree = "<group>";
		};
/* End PBXVariantGroup section */

/* Begin XCBuildConfiguration section */
		CDF04A6F18C3E12500C37D0D /* Debug */ = {
			isa = XCBuildConfiguration;
			buildSettings = {
				ALWAYS_SEARCH_USER_PATHS = NO;
				ARCHS = "$(ARCHS_STANDARD_INCLUDING_64_BIT)";
				CLANG_CXX_LANGUAGE_STANDARD = "gnu++0x";
				CLANG_CXX_LIBRARY = "libc++";
				CLANG_ENABLE_MODULES = YES;
				CLANG_ENABLE_OBJC_ARC = YES;
				CLANG_WARN_BOOL_CONVERSION = YES;
				CLANG_WARN_CONSTANT_CONVERSION = YES;
				CLANG_WARN_DIRECT_OBJC_ISA_USAGE = YES_ERROR;
				CLANG_WARN_EMPTY_BODY = YES;
				CLANG_WARN_ENUM_CONVERSION = YES;
				CLANG_WARN_INT_CONVERSION = YES;
				CLANG_WARN_OBJC_ROOT_CLASS = YES_ERROR;
				CLANG_WARN__DUPLICATE_METHOD_MATCH = YES;
				"CODE_SIGN_IDENTITY[sdk=iphoneos*]" = "iPhone Developer";
				COPY_PHASE_STRIP = NO;
				GCC_C_LANGUAGE_STANDARD = gnu99;
				GCC_DYNAMIC_NO_PIC = NO;
				GCC_OPTIMIZATION_LEVEL = 0;
				GCC_PREPROCESSOR_DEFINITIONS = (
					"DEBUG=1",
					"$(inherited)",
				);
				GCC_SYMBOLS_PRIVATE_EXTERN = NO;
				GCC_WARN_64_TO_32_BIT_CONVERSION = YES;
				GCC_WARN_ABOUT_RETURN_TYPE = YES_ERROR;
				GCC_WARN_UNDECLARED_SELECTOR = YES;
				GCC_WARN_UNINITIALIZED_AUTOS = YES;
				GCC_WARN_UNUSED_FUNCTION = YES;
				GCC_WARN_UNUSED_VARIABLE = YES;
				IPHONEOS_DEPLOYMENT_TARGET = 7.0;
				ONLY_ACTIVE_ARCH = YES;
				SDKROOT = iphoneos;
				TARGETED_DEVICE_FAMILY = "1,2";
			};
			name = Debug;
		};
		CDF04A7018C3E12500C37D0D /* Release */ = {
			isa = XCBuildConfiguration;
			buildSettings = {
				ALWAYS_SEARCH_USER_PATHS = NO;
				ARCHS = "$(ARCHS_STANDARD_INCLUDING_64_BIT)";
				CLANG_CXX_LANGUAGE_STANDARD = "gnu++0x";
				CLANG_CXX_LIBRARY = "libc++";
				CLANG_ENABLE_MODULES = YES;
				CLANG_ENABLE_OBJC_ARC = YES;
				CLANG_WARN_BOOL_CONVERSION = YES;
				CLANG_WARN_CONSTANT_CONVERSION = YES;
				CLANG_WARN_DIRECT_OBJC_ISA_USAGE = YES_ERROR;
				CLANG_WARN_EMPTY_BODY = YES;
				CLANG_WARN_ENUM_CONVERSION = YES;
				CLANG_WARN_INT_CONVERSION = YES;
				CLANG_WARN_OBJC_ROOT_CLASS = YES_ERROR;
				CLANG_WARN__DUPLICATE_METHOD_MATCH = YES;
				"CODE_SIGN_IDENTITY[sdk=iphoneos*]" = "iPhone Developer";
				COPY_PHASE_STRIP = YES;
				ENABLE_NS_ASSERTIONS = NO;
				GCC_C_LANGUAGE_STANDARD = gnu99;
				GCC_WARN_64_TO_32_BIT_CONVERSION = YES;
				GCC_WARN_ABOUT_RETURN_TYPE = YES_ERROR;
				GCC_WARN_UNDECLARED_SELECTOR = YES;
				GCC_WARN_UNINITIALIZED_AUTOS = YES;
				GCC_WARN_UNUSED_FUNCTION = YES;
				GCC_WARN_UNUSED_VARIABLE = YES;
				IPHONEOS_DEPLOYMENT_TARGET = 7.0;
				SDKROOT = iphoneos;
				TARGETED_DEVICE_FAMILY = "1,2";
				VALIDATE_PRODUCT = YES;
			};
			name = Release;
		};
		CDF04A7218C3E12500C37D0D /* Debug */ = {
			isa = XCBuildConfiguration;
			buildSettings = {
				ASSETCATALOG_COMPILER_APPICON_NAME = AppIcon;
				ASSETCATALOG_COMPILER_LAUNCHIMAGE_NAME = LaunchImage;
				GCC_PRECOMPILE_PREFIX_HEADER = YES;
				GCC_PREFIX_HEADER = "iTester/iTester-Prefix.pch";
				INFOPLIST_FILE = "iTester/iTester-Info.plist";
				PRODUCT_NAME = "$(TARGET_NAME)";
				WRAPPER_EXTENSION = app;
			};
			name = Debug;
		};
		CDF04A7318C3E12500C37D0D /* Release */ = {
			isa = XCBuildConfiguration;
			buildSettings = {
				ASSETCATALOG_COMPILER_APPICON_NAME = AppIcon;
				ASSETCATALOG_COMPILER_LAUNCHIMAGE_NAME = LaunchImage;
				GCC_PRECOMPILE_PREFIX_HEADER = YES;
				GCC_PREFIX_HEADER = "iTester/iTester-Prefix.pch";
				INFOPLIST_FILE = "iTester/iTester-Info.plist";
				PRODUCT_NAME = "$(TARGET_NAME)";
				WRAPPER_EXTENSION = app;
			};
			name = Release;
		};
		CDF04A7518C3E12500C37D0D /* Debug */ = {
			isa = XCBuildConfiguration;
			buildSettings = {
				ARCHS = "$(ARCHS_STANDARD_INCLUDING_64_BIT)";
				BUNDLE_LOADER = "$(BUILT_PRODUCTS_DIR)/iTester.app/iTester";
				FRAMEWORK_SEARCH_PATHS = (
					"$(SDKROOT)/Developer/Library/Frameworks",
					"$(inherited)",
					"$(DEVELOPER_FRAMEWORKS_DIR)",
				);
				GCC_PRECOMPILE_PREFIX_HEADER = YES;
				GCC_PREFIX_HEADER = "iTester/iTester-Prefix.pch";
				GCC_PREPROCESSOR_DEFINITIONS = (
					"DEBUG=1",
					"$(inherited)",
				);
				INFOPLIST_FILE = "iTesterTests/iTesterTests-Info.plist";
				PRODUCT_NAME = "$(TARGET_NAME)";
				TEST_HOST = "$(BUNDLE_LOADER)";
				WRAPPER_EXTENSION = xctest;
			};
			name = Debug;
		};
		CDF04A7618C3E12500C37D0D /* Release */ = {
			isa = XCBuildConfiguration;
			buildSettings = {
				ARCHS = "$(ARCHS_STANDARD_INCLUDING_64_BIT)";
				BUNDLE_LOADER = "$(BUILT_PRODUCTS_DIR)/iTester.app/iTester";
				FRAMEWORK_SEARCH_PATHS = (
					"$(SDKROOT)/Developer/Library/Frameworks",
					"$(inherited)",
					"$(DEVELOPER_FRAMEWORKS_DIR)",
				);
				GCC_PRECOMPILE_PREFIX_HEADER = YES;
				GCC_PREFIX_HEADER = "iTester/iTester-Prefix.pch";
				INFOPLIST_FILE = "iTesterTests/iTesterTests-Info.plist";
				PRODUCT_NAME = "$(TARGET_NAME)";
				TEST_HOST = "$(BUNDLE_LOADER)";
				WRAPPER_EXTENSION = xctest;
			};
			name = Release;
		};
/* End XCBuildConfiguration section */

/* Begin XCConfigurationList section */
		CDF04A3418C3E12500C37D0D /* Build configuration list for PBXProject "iTester" */ = {
			isa = XCConfigurationList;
			buildConfigurations = (
				CDF04A6F18C3E12500C37D0D /* Debug */,
				CDF04A7018C3E12500C37D0D /* Release */,
			);
			defaultConfigurationIsVisible = 0;
			defaultConfigurationName = Release;
		};
		CDF04A7118C3E12500C37D0D /* Build configuration list for PBXNativeTarget "iTester" */ = {
			isa = XCConfigurationList;
			buildConfigurations = (
				CDF04A7218C3E12500C37D0D /* Debug */,
				CDF04A7318C3E12500C37D0D /* Release */,
			);
			defaultConfigurationIsVisible = 0;
		};
		CDF04A7418C3E12500C37D0D /* Build configuration list for PBXNativeTarget "iTesterTests" */ = {
			isa = XCConfigurationList;
			buildConfigurations = (
				CDF04A7518C3E12500C37D0D /* Debug */,
				CDF04A7618C3E12500C37D0D /* Release */,
			);
			defaultConfigurationIsVisible = 0;
		};
/* End XCConfigurationList section */
	};
	rootObject = CDF04A3118C3E12500C37D0D /* Project object */;
}
